
Microsoft Visual Studio Solution File, Format Version 12.00
# Visual Studio 15
VisualStudioVersion = 15.0.26730.12
MinimumVisualStudioVersion = 10.0.40219.1
Project("{9A19103F-16F7-4668-BE54-9A1E7A4F7556}") = "Com.Moonlay.Service.Auth.WebApi", "Com.Moonlay.Service.Auth.WebApi\Com.Moonlay.Service.Auth.WebApi.csproj", "{7CFA6610-83E8-497C-AD64-D98A801686AE}"
EndProject
Project("{2150E333-8FDC-42A3-9474-1A3956D46DE8}") = "Solution Items", "Solution Items", "{1AF0C70B-799C-4019-96D0-B2B65811541C}"
	ProjectSection(SolutionItems) = preProject
		.gitignore = .gitignore
		.travis.yml = .travis.yml
		docker-compose.travis.yml = docker-compose.travis.yml
		Dockerfile.travis = Dockerfile.travis
		LICENSE = LICENSE
		README.md = README.md
	EndProjectSection
EndProject
Project("{9A19103F-16F7-4668-BE54-9A1E7A4F7556}") = "Com.Moonlay.Service.Auth.WebApi.Test", "Com.Moonlay.Service.Auth.WebApi.Test\Com.Moonlay.Service.Auth.WebApi.Test.csproj", "{F817063E-D13D-4ACF-9335-7064B7A0A8C6}"
EndProject
Project("{E53339B2-1760-4266-BCC7-CA923CBCF16C}") = "docker-compose", "docker-compose.dcproj", "{C2A7224D-44F0-4F25-91C2-4778C2035D83}"
EndProject
Global
	GlobalSection(SolutionConfigurationPlatforms) = preSolution
		Debug|Any CPU = Debug|Any CPU
		Release|Any CPU = Release|Any CPU
	EndGlobalSection
	GlobalSection(ProjectConfigurationPlatforms) = postSolution
		{7CFA6610-83E8-497C-AD64-D98A801686AE}.Debug|Any CPU.ActiveCfg = Debug|Any CPU
		{7CFA6610-83E8-497C-AD64-D98A801686AE}.Debug|Any CPU.Build.0 = Debug|Any CPU
		{7CFA6610-83E8-497C-AD64-D98A801686AE}.Release|Any CPU.ActiveCfg = Release|Any CPU
		{7CFA6610-83E8-497C-AD64-D98A801686AE}.Release|Any CPU.Build.0 = Release|Any CPU
		{F817063E-D13D-4ACF-9335-7064B7A0A8C6}.Debug|Any CPU.ActiveCfg = Debug|Any CPU
		{F817063E-D13D-4ACF-9335-7064B7A0A8C6}.Debug|Any CPU.Build.0 = Debug|Any CPU
		{F817063E-D13D-4ACF-9335-7064B7A0A8C6}.Release|Any CPU.ActiveCfg = Release|Any CPU
		{F817063E-D13D-4ACF-9335-7064B7A0A8C6}.Release|Any CPU.Build.0 = Release|Any CPU
		{C2A7224D-44F0-4F25-91C2-4778C2035D83}.Debug|Any CPU.ActiveCfg = Debug|Any CPU
		{C2A7224D-44F0-4F25-91C2-4778C2035D83}.Debug|Any CPU.Build.0 = Debug|Any CPU
		{C2A7224D-44F0-4F25-91C2-4778C2035D83}.Release|Any CPU.ActiveCfg = Release|Any CPU
		{C2A7224D-44F0-4F25-91C2-4778C2035D83}.Release|Any CPU.Build.0 = Release|Any CPU
	EndGlobalSection
	GlobalSection(SolutionProperties) = preSolution
		HideSolutionNode = FALSE
	EndGlobalSection
	GlobalSection(ExtensibilityGlobals) = postSolution
		SolutionGuid = {CD4DB924-054D-47E0-A1AD-1C146B35DEF2}
	EndGlobalSection
EndGlobal
